
Microsoft Visual Studio Solution File, Format Version 12.00
# Visual Studio Version 17
VisualStudioVersion = 17.14.36518.9 d17.14
MinimumVisualStudioVersion = 10.0.40219.1
Project("{2150E333-8FDC-42A3-9474-1A3956D46DE8}") = "Task0", "Task0", "{02EA681E-C7D8-13C7-8484-4AC65E1B71E8}"
EndProject
Project("{FAE04EC0-301F-11D3-BF4B-00C04F79EFBC}") = "Tyuiu.GroshevID.Sprint3.Task0.V18", "Tyuiu.GroshevID.Sprint3.Task0.V18\Tyuiu.GroshevID.Sprint3.Task0.V18.csproj", "{7AF3C5DE-F92C-4238-A7BA-0DA1950CA74B}"
EndProject
Project("{FAE04EC0-301F-11D3-BF4B-00C04F79EFBC}") = "Tyuiu.GroshevID.Sprint3.Task0.V18.Lib", "Tyuiu.GroshevID.Sprint3.Task0.V18.Lib\Tyuiu.GroshevID.Sprint3.Task0.V18.Lib.csproj", "{D78EE706-398F-4135-93D5-CD37F5F3534C}"
EndProject
Project("{FAE04EC0-301F-11D3-BF4B-00C04F79EFBC}") = "Tyuiu.GroshevID.Sprint3.Task0.V18.Test", "Tyuiu.GroshevID.Sprint3.Task0.V18.Test\Tyuiu.GroshevID.Sprint3.Task0.V18.Test.csproj", "{BD1AF050-A405-4520-86FD-E1CEEB40BF93}"
EndProject
Global
	GlobalSection(SolutionConfigurationPlatforms) = preSolution
		Debug|Any CPU = Debug|Any CPU
		Release|Any CPU = Release|Any CPU
	EndGlobalSection
	GlobalSection(ProjectConfigurationPlatforms) = postSolution
		{7AF3C5DE-F92C-4238-A7BA-0DA1950CA74B}.Debug|Any CPU.ActiveCfg = Debug|Any CPU
		{7AF3C5DE-F92C-4238-A7BA-0DA1950CA74B}.Debug|Any CPU.Build.0 = Debug|Any CPU
		{7AF3C5DE-F92C-4238-A7BA-0DA1950CA74B}.Release|Any CPU.ActiveCfg = Release|Any CPU
		{7AF3C5DE-F92C-4238-A7BA-0DA1950CA74B}.Release|Any CPU.Build.0 = Release|Any CPU
		{D78EE706-398F-4135-93D5-CD37F5F3534C}.Debug|Any CPU.ActiveCfg = Debug|Any CPU
		{D78EE706-398F-4135-93D5-CD37F5F3534C}.Debug|Any CPU.Build.0 = Debug|Any CPU
		{D78EE706-398F-4135-93D5-CD37F5F3534C}.Release|Any CPU.ActiveCfg = Release|Any CPU
		{D78EE706-398F-4135-93D5-CD37F5F3534C}.Release|Any CPU.Build.0 = Release|Any CPU
		{BD1AF050-A405-4520-86FD-E1CEEB40BF93}.Debug|Any CPU.ActiveCfg = Debug|Any CPU
		{BD1AF050-A405-4520-86FD-E1CEEB40BF93}.Debug|Any CPU.Build.0 = Debug|Any CPU
		{BD1AF050-A405-4520-86FD-E1CEEB40BF93}.Release|Any CPU.ActiveCfg = Release|Any CPU
		{BD1AF050-A405-4520-86FD-E1CEEB40BF93}.Release|Any CPU.Build.0 = Release|Any CPU
	EndGlobalSection
	GlobalSection(SolutionProperties) = preSolution
		HideSolutionNode = FALSE
	EndGlobalSection
	GlobalSection(NestedProjects) = preSolution
		{7AF3C5DE-F92C-4238-A7BA-0DA1950CA74B} = {02EA681E-C7D8-13C7-8484-4AC65E1B71E8}
		{D78EE706-398F-4135-93D5-CD37F5F3534C} = {02EA681E-C7D8-13C7-8484-4AC65E1B71E8}
		{BD1AF050-A405-4520-86FD-E1CEEB40BF93} = {02EA681E-C7D8-13C7-8484-4AC65E1B71E8}
	EndGlobalSection
	GlobalSection(ExtensibilityGlobals) = postSolution
		SolutionGuid = {BDC015B9-7A8C-4962-B035-828D652F773C}
	EndGlobalSection
EndGlobal
