
Microsoft Visual Studio Solution File, Format Version 12.00
# Visual Studio Version 17
VisualStudioVersion = 17.14.36518.9
MinimumVisualStudioVersion = 10.0.40219.1
Project("{2150E333-8FDC-42A3-9474-1A3956D46DE8}") = "Task0", "Task0", "{02EA681E-C7D8-13C7-8484-4AC65E1B71E8}"
EndProject
Project("{FAE04EC0-301F-11D3-BF4B-00C04F79EFBC}") = "Tyuiu.GroshevID.Sprint3.Task0.V18", "Tyuiu.GroshevID.Sprint3.Task0.V18\Tyuiu.GroshevID.Sprint3.Task0.V18.csproj", "{7AF3C5DE-F92C-4238-A7BA-0DA1950CA74B}"
EndProject
Project("{FAE04EC0-301F-11D3-BF4B-00C04F79EFBC}") = "Tyuiu.GroshevID.Sprint3.Task0.V18.Lib", "Tyuiu.GroshevID.Sprint3.Task0.V18.Lib\Tyuiu.GroshevID.Sprint3.Task0.V18.Lib.csproj", "{D78EE706-398F-4135-93D5-CD37F5F3534C}"
EndProject
Project("{FAE04EC0-301F-11D3-BF4B-00C04F79EFBC}") = "Tyuiu.GroshevID.Sprint3.Task0.V18.Test", "Tyuiu.GroshevID.Sprint3.Task0.V18.Test\Tyuiu.GroshevID.Sprint3.Task0.V18.Test.csproj", "{BD1AF050-A405-4520-86FD-E1CEEB40BF93}"
EndProject
Project("{2150E333-8FDC-42A3-9474-1A3956D46DE8}") = "Task1", "Task1", "{DB343428-05D4-4FC3-ACA8-EE15063AE74A}"
EndProject
Project("{FAE04EC0-301F-11D3-BF4B-00C04F79EFBC}") = "Tyuiu.GroshevID.Sprint3.Task1.V5", "Tyuiu.GroshevID.Sprint3.Task1.V5\Tyuiu.GroshevID.Sprint3.Task1.V5.csproj", "{B1913E89-0FB8-4664-BE92-322DAEC1255F}"
EndProject
Project("{FAE04EC0-301F-11D3-BF4B-00C04F79EFBC}") = "Tyuiu.GroshevID.Sprint3.Task1.V5.Lib", "Tyuiu.GroshevID.Sprint3.Task1.V5.Lib\Tyuiu.GroshevID.Sprint3.Task1.V5.Lib.csproj", "{462BF3C2-1684-4A53-BD02-9C94DA0EFC08}"
EndProject
Project("{FAE04EC0-301F-11D3-BF4B-00C04F79EFBC}") = "Tyuiu.GroshevID.Sprint3.Task1.V5.Test", "Tyuiu.GroshevID.Sprint3.Task1.V5.Test\Tyuiu.GroshevID.Sprint3.Task1.V5.Test.csproj", "{8E284FF0-9620-409A-B443-39D5164D119B}"
EndProject
Project("{2150E333-8FDC-42A3-9474-1A3956D46DE8}") = "Task2", "Task2", "{6C96844D-CD62-44AB-A3BE-7BBC0B6C75CF}"
EndProject
Project("{FAE04EC0-301F-11D3-BF4B-00C04F79EFBC}") = "Tyuiu.GroshevID.Sprint3.Task2.V26", "Tyuiu.GroshevID.Sprint3.Task2.V26\Tyuiu.GroshevID.Sprint3.Task2.V26.csproj", "{952F4A45-92D1-4B3D-B89A-CFA5F19BAEF4}"
EndProject
Project("{FAE04EC0-301F-11D3-BF4B-00C04F79EFBC}") = "Tyuiu.GroshevID.Sprint3.Task2.V26.Lib", "Tyuiu.GroshevID.Sprint3.Task2.V26.Lib\Tyuiu.GroshevID.Sprint3.Task2.V26.Lib.csproj", "{A1AE258B-BEDD-4329-BE2C-48C316D0AA51}"
EndProject
Project("{FAE04EC0-301F-11D3-BF4B-00C04F79EFBC}") = "Tyuiu.GroshevID.Sprint3.Task2.V26.Test", "Tyuiu.GroshevID.Sprint3.Task2.V26.Test\Tyuiu.GroshevID.Sprint3.Task2.V26.Test.csproj", "{C93F937F-75AA-401E-A106-7DF26FFB5E33}"
EndProject
Project("{2150E333-8FDC-42A3-9474-1A3956D46DE8}") = "Task3", "Task3", "{D0D8CC60-36E1-4108-A9A1-8F1BE8666554}"
EndProject
Project("{FAE04EC0-301F-11D3-BF4B-00C04F79EFBC}") = "Tyuiu.GroshevID.Sprint3.Task3.V11", "Tyuiu.GroshevID.Sprint3.Task3.V11\Tyuiu.GroshevID.Sprint3.Task3.V11.csproj", "{C5E24A7E-D51A-4B3A-B3DE-8432084C17A6}"
EndProject
Project("{FAE04EC0-301F-11D3-BF4B-00C04F79EFBC}") = "Tyuiu.GroshevID.Sprint3.Task3.V11.Lib", "Tyuiu.GroshevID.Sprint3.Task3.V11.Lib\Tyuiu.GroshevID.Sprint3.Task3.V11.Lib.csproj", "{A6811D2D-7B3D-4682-A4E7-7EF27B2C7296}"
EndProject
Project("{FAE04EC0-301F-11D3-BF4B-00C04F79EFBC}") = "Tyuiu.GroshevID.Sprint3.Task3.V11.Test", "Tyuiu.GroshevID.Sprint3.Task3.V11.Test\Tyuiu.GroshevID.Sprint3.Task3.V11.Test.csproj", "{B249673C-D6FF-48C9-A945-0CFE1CCB020E}"
EndProject
Project("{2150E333-8FDC-42A3-9474-1A3956D46DE8}") = "Task4", "Task4", "{8C73FD50-DA04-4801-8DF9-5DA16A414DE8}"
EndProject
Project("{FAE04EC0-301F-11D3-BF4B-00C04F79EFBC}") = "Tyuiu.GroshevID.Sprint3.Task4.V20", "Tyuiu.GroshevID.Sprint3.Task4.V20\Tyuiu.GroshevID.Sprint3.Task4.V20.csproj", "{8F831374-2A59-48CD-8A4A-A7D4D786B85C}"
EndProject
Project("{FAE04EC0-301F-11D3-BF4B-00C04F79EFBC}") = "Tyuiu.GroshevID.Sprint3.Task4.V20.Lib", "Tyuiu.GroshevID.Sprint3.Task4.V20.Lib\Tyuiu.GroshevID.Sprint3.Task4.V20.Lib.csproj", "{23125F8E-7EA4-4080-9CA3-047F0C4C791C}"
EndProject
Project("{FAE04EC0-301F-11D3-BF4B-00C04F79EFBC}") = "Tyuiu.GroshevID.Sprint3.Task4.V20.Test", "Tyuiu.GroshevID.Sprint3.Task4.V20.Test\Tyuiu.GroshevID.Sprint3.Task4.V20.Test.csproj", "{07BBA3FC-2B47-4B24-9E5D-9785E8D8E368}"
EndProject
Project("{2150E333-8FDC-42A3-9474-1A3956D46DE8}") = "Task5", "Task5", "{A109BAD7-EDD1-4A39-A1B3-9484ABBC71C9}"
EndProject
Project("{FAE04EC0-301F-11D3-BF4B-00C04F79EFBC}") = "Tyuiu.GroshevID.Sprint3.Task5.V14", "Tyuiu.GroshevID.Sprint3.Task5.V14\Tyuiu.GroshevID.Sprint3.Task5.V14.csproj", "{FF3D63B5-0B50-4311-B154-AB64FB6C534C}"
EndProject
Project("{FAE04EC0-301F-11D3-BF4B-00C04F79EFBC}") = "Tyuiu.GroshevID.Sprint3.Task5.V14.Lib", "Tyuiu.GroshevID.Sprint3.Task5.V14.Lib\Tyuiu.GroshevID.Sprint3.Task5.V14.Lib.csproj", "{D68FBD43-87A4-45EA-B526-369E156DF19D}"
EndProject
Project("{FAE04EC0-301F-11D3-BF4B-00C04F79EFBC}") = "Tyuiu.GroshevID.Sprint3.Task5.V14.Test", "Tyuiu.GroshevID.Sprint3.Task5.V14.Test\Tyuiu.GroshevID.Sprint3.Task5.V14.Test.csproj", "{E8C8028F-1235-4CBE-A805-E37EC3C5F10F}"
EndProject
Global
	GlobalSection(SolutionConfigurationPlatforms) = preSolution
		Debug|Any CPU = Debug|Any CPU
		Release|Any CPU = Release|Any CPU
	EndGlobalSection
	GlobalSection(ProjectConfigurationPlatforms) = postSolution
		{7AF3C5DE-F92C-4238-A7BA-0DA1950CA74B}.Debug|Any CPU.ActiveCfg = Debug|Any CPU
		{7AF3C5DE-F92C-4238-A7BA-0DA1950CA74B}.Debug|Any CPU.Build.0 = Debug|Any CPU
		{7AF3C5DE-F92C-4238-A7BA-0DA1950CA74B}.Release|Any CPU.ActiveCfg = Release|Any CPU
		{7AF3C5DE-F92C-4238-A7BA-0DA1950CA74B}.Release|Any CPU.Build.0 = Release|Any CPU
		{D78EE706-398F-4135-93D5-CD37F5F3534C}.Debug|Any CPU.ActiveCfg = Debug|Any CPU
		{D78EE706-398F-4135-93D5-CD37F5F3534C}.Debug|Any CPU.Build.0 = Debug|Any CPU
		{D78EE706-398F-4135-93D5-CD37F5F3534C}.Release|Any CPU.ActiveCfg = Release|Any CPU
		{D78EE706-398F-4135-93D5-CD37F5F3534C}.Release|Any CPU.Build.0 = Release|Any CPU
		{BD1AF050-A405-4520-86FD-E1CEEB40BF93}.Debug|Any CPU.ActiveCfg = Debug|Any CPU
		{BD1AF050-A405-4520-86FD-E1CEEB40BF93}.Debug|Any CPU.Build.0 = Debug|Any CPU
		{BD1AF050-A405-4520-86FD-E1CEEB40BF93}.Release|Any CPU.ActiveCfg = Release|Any CPU
		{BD1AF050-A405-4520-86FD-E1CEEB40BF93}.Release|Any CPU.Build.0 = Release|Any CPU
		{B1913E89-0FB8-4664-BE92-322DAEC1255F}.Debug|Any CPU.ActiveCfg = Debug|Any CPU
		{B1913E89-0FB8-4664-BE92-322DAEC1255F}.Debug|Any CPU.Build.0 = Debug|Any CPU
		{B1913E89-0FB8-4664-BE92-322DAEC1255F}.Release|Any CPU.ActiveCfg = Release|Any CPU
		{B1913E89-0FB8-4664-BE92-322DAEC1255F}.Release|Any CPU.Build.0 = Release|Any CPU
		{462BF3C2-1684-4A53-BD02-9C94DA0EFC08}.Debug|Any CPU.ActiveCfg = Debug|Any CPU
		{462BF3C2-1684-4A53-BD02-9C94DA0EFC08}.Debug|Any CPU.Build.0 = Debug|Any CPU
		{462BF3C2-1684-4A53-BD02-9C94DA0EFC08}.Release|Any CPU.ActiveCfg = Release|Any CPU
		{462BF3C2-1684-4A53-BD02-9C94DA0EFC08}.Release|Any CPU.Build.0 = Release|Any CPU
		{8E284FF0-9620-409A-B443-39D5164D119B}.Debug|Any CPU.ActiveCfg = Debug|Any CPU
		{8E284FF0-9620-409A-B443-39D5164D119B}.Debug|Any CPU.Build.0 = Debug|Any CPU
		{8E284FF0-9620-409A-B443-39D5164D119B}.Release|Any CPU.ActiveCfg = Release|Any CPU
		{8E284FF0-9620-409A-B443-39D5164D119B}.Release|Any CPU.Build.0 = Release|Any CPU
		{952F4A45-92D1-4B3D-B89A-CFA5F19BAEF4}.Debug|Any CPU.ActiveCfg = Debug|Any CPU
		{952F4A45-92D1-4B3D-B89A-CFA5F19BAEF4}.Debug|Any CPU.Build.0 = Debug|Any CPU
		{952F4A45-92D1-4B3D-B89A-CFA5F19BAEF4}.Release|Any CPU.ActiveCfg = Release|Any CPU
		{952F4A45-92D1-4B3D-B89A-CFA5F19BAEF4}.Release|Any CPU.Build.0 = Release|Any CPU
		{A1AE258B-BEDD-4329-BE2C-48C316D0AA51}.Debug|Any CPU.ActiveCfg = Debug|Any CPU
		{A1AE258B-BEDD-4329-BE2C-48C316D0AA51}.Debug|Any CPU.Build.0 = Debug|Any CPU
		{A1AE258B-BEDD-4329-BE2C-48C316D0AA51}.Release|Any CPU.ActiveCfg = Release|Any CPU
		{A1AE258B-BEDD-4329-BE2C-48C316D0AA51}.Release|Any CPU.Build.0 = Release|Any CPU
		{C93F937F-75AA-401E-A106-7DF26FFB5E33}.Debug|Any CPU.ActiveCfg = Debug|Any CPU
		{C93F937F-75AA-401E-A106-7DF26FFB5E33}.Debug|Any CPU.Build.0 = Debug|Any CPU
		{C93F937F-75AA-401E-A106-7DF26FFB5E33}.Release|Any CPU.ActiveCfg = Release|Any CPU
		{C93F937F-75AA-401E-A106-7DF26FFB5E33}.Release|Any CPU.Build.0 = Release|Any CPU
		{C5E24A7E-D51A-4B3A-B3DE-8432084C17A6}.Debug|Any CPU.ActiveCfg = Debug|Any CPU
		{C5E24A7E-D51A-4B3A-B3DE-8432084C17A6}.Debug|Any CPU.Build.0 = Debug|Any CPU
		{C5E24A7E-D51A-4B3A-B3DE-8432084C17A6}.Release|Any CPU.ActiveCfg = Release|Any CPU
		{C5E24A7E-D51A-4B3A-B3DE-8432084C17A6}.Release|Any CPU.Build.0 = Release|Any CPU
		{A6811D2D-7B3D-4682-A4E7-7EF27B2C7296}.Debug|Any CPU.ActiveCfg = Debug|Any CPU
		{A6811D2D-7B3D-4682-A4E7-7EF27B2C7296}.Debug|Any CPU.Build.0 = Debug|Any CPU
		{A6811D2D-7B3D-4682-A4E7-7EF27B2C7296}.Release|Any CPU.ActiveCfg = Release|Any CPU
		{A6811D2D-7B3D-4682-A4E7-7EF27B2C7296}.Release|Any CPU.Build.0 = Release|Any CPU
		{B249673C-D6FF-48C9-A945-0CFE1CCB020E}.Debug|Any CPU.ActiveCfg = Debug|Any CPU
		{B249673C-D6FF-48C9-A945-0CFE1CCB020E}.Debug|Any CPU.Build.0 = Debug|Any CPU
		{B249673C-D6FF-48C9-A945-0CFE1CCB020E}.Release|Any CPU.ActiveCfg = Release|Any CPU
		{B249673C-D6FF-48C9-A945-0CFE1CCB020E}.Release|Any CPU.Build.0 = Release|Any CPU
		{8F831374-2A59-48CD-8A4A-A7D4D786B85C}.Debug|Any CPU.ActiveCfg = Debug|Any CPU
		{8F831374-2A59-48CD-8A4A-A7D4D786B85C}.Debug|Any CPU.Build.0 = Debug|Any CPU
		{8F831374-2A59-48CD-8A4A-A7D4D786B85C}.Release|Any CPU.ActiveCfg = Release|Any CPU
		{8F831374-2A59-48CD-8A4A-A7D4D786B85C}.Release|Any CPU.Build.0 = Release|Any CPU
		{23125F8E-7EA4-4080-9CA3-047F0C4C791C}.Debug|Any CPU.ActiveCfg = Debug|Any CPU
		{23125F8E-7EA4-4080-9CA3-047F0C4C791C}.Debug|Any CPU.Build.0 = Debug|Any CPU
		{23125F8E-7EA4-4080-9CA3-047F0C4C791C}.Release|Any CPU.ActiveCfg = Release|Any CPU
		{23125F8E-7EA4-4080-9CA3-047F0C4C791C}.Release|Any CPU.Build.0 = Release|Any CPU
		{07BBA3FC-2B47-4B24-9E5D-9785E8D8E368}.Debug|Any CPU.ActiveCfg = Debug|Any CPU
		{07BBA3FC-2B47-4B24-9E5D-9785E8D8E368}.Debug|Any CPU.Build.0 = Debug|Any CPU
		{07BBA3FC-2B47-4B24-9E5D-9785E8D8E368}.Release|Any CPU.ActiveCfg = Release|Any CPU
		{07BBA3FC-2B47-4B24-9E5D-9785E8D8E368}.Release|Any CPU.Build.0 = Release|Any CPU
		{FF3D63B5-0B50-4311-B154-AB64FB6C534C}.Debug|Any CPU.ActiveCfg = Debug|Any CPU
		{FF3D63B5-0B50-4311-B154-AB64FB6C534C}.Debug|Any CPU.Build.0 = Debug|Any CPU
		{FF3D63B5-0B50-4311-B154-AB64FB6C534C}.Release|Any CPU.ActiveCfg = Release|Any CPU
		{FF3D63B5-0B50-4311-B154-AB64FB6C534C}.Release|Any CPU.Build.0 = Release|Any CPU
		{D68FBD43-87A4-45EA-B526-369E156DF19D}.Debug|Any CPU.ActiveCfg = Debug|Any CPU
		{D68FBD43-87A4-45EA-B526-369E156DF19D}.Debug|Any CPU.Build.0 = Debug|Any CPU
		{D68FBD43-87A4-45EA-B526-369E156DF19D}.Release|Any CPU.ActiveCfg = Release|Any CPU
		{D68FBD43-87A4-45EA-B526-369E156DF19D}.Release|Any CPU.Build.0 = Release|Any CPU
		{E8C8028F-1235-4CBE-A805-E37EC3C5F10F}.Debug|Any CPU.ActiveCfg = Debug|Any CPU
		{E8C8028F-1235-4CBE-A805-E37EC3C5F10F}.Debug|Any CPU.Build.0 = Debug|Any CPU
		{E8C8028F-1235-4CBE-A805-E37EC3C5F10F}.Release|Any CPU.ActiveCfg = Release|Any CPU
		{E8C8028F-1235-4CBE-A805-E37EC3C5F10F}.Release|Any CPU.Build.0 = Release|Any CPU
	EndGlobalSection
	GlobalSection(SolutionProperties) = preSolution
		HideSolutionNode = FALSE
	EndGlobalSection
	GlobalSection(NestedProjects) = preSolution
		{7AF3C5DE-F92C-4238-A7BA-0DA1950CA74B} = {02EA681E-C7D8-13C7-8484-4AC65E1B71E8}
		{D78EE706-398F-4135-93D5-CD37F5F3534C} = {02EA681E-C7D8-13C7-8484-4AC65E1B71E8}
		{BD1AF050-A405-4520-86FD-E1CEEB40BF93} = {02EA681E-C7D8-13C7-8484-4AC65E1B71E8}
		{B1913E89-0FB8-4664-BE92-322DAEC1255F} = {DB343428-05D4-4FC3-ACA8-EE15063AE74A}
		{462BF3C2-1684-4A53-BD02-9C94DA0EFC08} = {DB343428-05D4-4FC3-ACA8-EE15063AE74A}
		{8E284FF0-9620-409A-B443-39D5164D119B} = {DB343428-05D4-4FC3-ACA8-EE15063AE74A}
		{952F4A45-92D1-4B3D-B89A-CFA5F19BAEF4} = {6C96844D-CD62-44AB-A3BE-7BBC0B6C75CF}
		{A1AE258B-BEDD-4329-BE2C-48C316D0AA51} = {6C96844D-CD62-44AB-A3BE-7BBC0B6C75CF}
		{C93F937F-75AA-401E-A106-7DF26FFB5E33} = {6C96844D-CD62-44AB-A3BE-7BBC0B6C75CF}
		{C5E24A7E-D51A-4B3A-B3DE-8432084C17A6} = {D0D8CC60-36E1-4108-A9A1-8F1BE8666554}
		{A6811D2D-7B3D-4682-A4E7-7EF27B2C7296} = {D0D8CC60-36E1-4108-A9A1-8F1BE8666554}
		{B249673C-D6FF-48C9-A945-0CFE1CCB020E} = {D0D8CC60-36E1-4108-A9A1-8F1BE8666554}
		{8F831374-2A59-48CD-8A4A-A7D4D786B85C} = {8C73FD50-DA04-4801-8DF9-5DA16A414DE8}
		{23125F8E-7EA4-4080-9CA3-047F0C4C791C} = {8C73FD50-DA04-4801-8DF9-5DA16A414DE8}
		{07BBA3FC-2B47-4B24-9E5D-9785E8D8E368} = {8C73FD50-DA04-4801-8DF9-5DA16A414DE8}
		{FF3D63B5-0B50-4311-B154-AB64FB6C534C} = {A109BAD7-EDD1-4A39-A1B3-9484ABBC71C9}
		{D68FBD43-87A4-45EA-B526-369E156DF19D} = {A109BAD7-EDD1-4A39-A1B3-9484ABBC71C9}
		{E8C8028F-1235-4CBE-A805-E37EC3C5F10F} = {A109BAD7-EDD1-4A39-A1B3-9484ABBC71C9}
	EndGlobalSection
	GlobalSection(ExtensibilityGlobals) = postSolution
		SolutionGuid = {BDC015B9-7A8C-4962-B035-828D652F773C}
	EndGlobalSection
EndGlobal
